// !$*UTF8*$!
{
	archiveVersion = 1;
	classes = {
	};
	objectVersion = 56;
	objects = {

/* Begin PBXBuildFile section */
		97068842292D6E2F00F1605B /* UIView + ext.swift in Sources */ = {isa = PBXBuildFile; fileRef = 97068841292D6E2F00F1605B /* UIView + ext.swift */; };
		97068844292D6E7500F1605B /* Date + ext.swift in Sources */ = {isa = PBXBuildFile; fileRef = 97068843292D6E7500F1605B /* Date + ext.swift */; };
		97068847292E788F00F1605B /* BaseInfoView.swift in Sources */ = {isa = PBXBuildFile; fileRef = 97068846292E788F00F1605B /* BaseInfoView.swift */; };
		97068849292FC4CC00F1605B /* ButtonConfig.swift in Sources */ = {isa = PBXBuildFile; fileRef = 97068848292FC4CC00F1605B /* ButtonConfig.swift */; };
		970A73B9291E8B00004DCE46 /* Builder.swift in Sources */ = {isa = PBXBuildFile; fileRef = 970A73B8291E8B00004DCE46 /* Builder.swift */; };
		970A73BB291E8F07004DCE46 /* NavBarController.swift in Sources */ = {isa = PBXBuildFile; fileRef = 970A73BA291E8F07004DCE46 /* NavBarController.swift */; };
		970A73BD291E969B004DCE46 /* BaseViewController.swift in Sources */ = {isa = PBXBuildFile; fileRef = 970A73BC291E969B004DCE46 /* BaseViewController.swift */; };
		973593B9291E4B860019CED4 /* AppDelegate.swift in Sources */ = {isa = PBXBuildFile; fileRef = 973593B8291E4B860019CED4 /* AppDelegate.swift */; };
		973593BB291E4B860019CED4 /* SceneDelegate.swift in Sources */ = {isa = PBXBuildFile; fileRef = 973593BA291E4B860019CED4 /* SceneDelegate.swift */; };
		973593BD291E4B860019CED4 /* OverviewController.swift in Sources */ = {isa = PBXBuildFile; fileRef = 973593BC291E4B860019CED4 /* OverviewController.swift */; };
		973593C2291E4B860019CED4 /* Assets.xcassets in Resources */ = {isa = PBXBuildFile; fileRef = 973593C1291E4B860019CED4 /* Assets.xcassets */; };
		973593C5291E4B860019CED4 /* LaunchScreen.storyboard in Resources */ = {isa = PBXBuildFile; fileRef = 973593C3291E4B860019CED4 /* LaunchScreen.storyboard */; };
		973593D2291E4E980019CED4 /* TabBarController.swift in Sources */ = {isa = PBXBuildFile; fileRef = 973593D1291E4E980019CED4 /* TabBarController.swift */; };
		973593D4291E4F680019CED4 /* Helpers.swift in Sources */ = {isa = PBXBuildFile; fileRef = 973593D3291E4F680019CED4 /* Helpers.swift */; };
		973593D6291E5E5D0019CED4 /* C.swift in Sources */ = {isa = PBXBuildFile; fileRef = 973593D5291E5E5D0019CED4 /* C.swift */; };
		9743284A29350F0100858555 /* UILable + ext.swift in Sources */ = {isa = PBXBuildFile; fileRef = 9743284929350F0100858555 /* UILable + ext.swift */; };
		9743284C2935208700858555 /* TimerView.swift in Sources */ = {isa = PBXBuildFile; fileRef = 9743284B2935208700858555 /* TimerView.swift */; };
		9743284F2935222A00858555 /* ProgressView.swift in Sources */ = {isa = PBXBuildFile; fileRef = 9743284E2935222A00858555 /* ProgressView.swift */; };
		97915AC229258E3E00CD2FD6 /* OverviewNavBar.swift in Sources */ = {isa = PBXBuildFile; fileRef = 97915AC129258E3E00CD2FD6 /* OverviewNavBar.swift */; };
		97915AC429258EB800CD2FD6 /* BaseView.swift in Sources */ = {isa = PBXBuildFile; fileRef = 97915AC329258EB800CD2FD6 /* BaseView.swift */; };
		97915AC629258FD500CD2FD6 /* UIBaseMethods.swift in Sources */ = {isa = PBXBuildFile; fileRef = 97915AC529258FD500CD2FD6 /* UIBaseMethods.swift */; };
		979EDD7E292BC485005D7884 /* WeekView.swift in Sources */ = {isa = PBXBuildFile; fileRef = 979EDD7D292BC485005D7884 /* WeekView.swift */; };
		979EDD81292D23C0005D7884 /* WeekDayView.swift in Sources */ = {isa = PBXBuildFile; fileRef = 979EDD80292D23C0005D7884 /* WeekDayView.swift */; };
		97DB7879292262D700BB02EF /* SessionViewController.swift in Sources */ = {isa = PBXBuildFile; fileRef = 97DB7878292262D700BB02EF /* SessionViewController.swift */; };
		97DB787C2922631300BB02EF /* ProgressViewController.swift in Sources */ = {isa = PBXBuildFile; fileRef = 97DB787B2922631300BB02EF /* ProgressViewController.swift */; };
		97DD92F62922BA07005B8C28 /* WorkoutsButton.swift in Sources */ = {isa = PBXBuildFile; fileRef = 97DD92F52922BA07005B8C28 /* WorkoutsButton.swift */; };
/* End PBXBuildFile section */

/* Begin PBXFileReference section */
		97068841292D6E2F00F1605B /* UIView + ext.swift */ = {isa = PBXFileReference; lastKnownFileType = sourcecode.swift; path = "UIView + ext.swift"; sourceTree = "<group>"; };
		97068843292D6E7500F1605B /* Date + ext.swift */ = {isa = PBXFileReference; lastKnownFileType = sourcecode.swift; path = "Date + ext.swift"; sourceTree = "<group>"; };
		97068846292E788F00F1605B /* BaseInfoView.swift */ = {isa = PBXFileReference; lastKnownFileType = sourcecode.swift; path = BaseInfoView.swift; sourceTree = "<group>"; };
		97068848292FC4CC00F1605B /* ButtonConfig.swift */ = {isa = PBXFileReference; lastKnownFileType = sourcecode.swift; path = ButtonConfig.swift; sourceTree = "<group>"; };
		970A73B8291E8B00004DCE46 /* Builder.swift */ = {isa = PBXFileReference; lastKnownFileType = sourcecode.swift; path = Builder.swift; sourceTree = "<group>"; };
		970A73BA291E8F07004DCE46 /* NavBarController.swift */ = {isa = PBXFileReference; lastKnownFileType = sourcecode.swift; path = NavBarController.swift; sourceTree = "<group>"; };
		970A73BC291E969B004DCE46 /* BaseViewController.swift */ = {isa = PBXFileReference; lastKnownFileType = sourcecode.swift; path = BaseViewController.swift; sourceTree = "<group>"; };
		973593B5291E4B860019CED4 /* STracker.app */ = {isa = PBXFileReference; explicitFileType = wrapper.application; includeInIndex = 0; path = STracker.app; sourceTree = BUILT_PRODUCTS_DIR; };
		973593B8291E4B860019CED4 /* AppDelegate.swift */ = {isa = PBXFileReference; lastKnownFileType = sourcecode.swift; path = AppDelegate.swift; sourceTree = "<group>"; };
		973593BA291E4B860019CED4 /* SceneDelegate.swift */ = {isa = PBXFileReference; lastKnownFileType = sourcecode.swift; path = SceneDelegate.swift; sourceTree = "<group>"; };
		973593BC291E4B860019CED4 /* OverviewController.swift */ = {isa = PBXFileReference; lastKnownFileType = sourcecode.swift; path = OverviewController.swift; sourceTree = "<group>"; };
		973593C1291E4B860019CED4 /* Assets.xcassets */ = {isa = PBXFileReference; lastKnownFileType = folder.assetcatalog; path = Assets.xcassets; sourceTree = "<group>"; };
		973593C4291E4B860019CED4 /* Base */ = {isa = PBXFileReference; lastKnownFileType = file.storyboard; name = Base; path = Base.lproj/LaunchScreen.storyboard; sourceTree = "<group>"; };
		973593C6291E4B860019CED4 /* Info.plist */ = {isa = PBXFileReference; lastKnownFileType = text.plist.xml; path = Info.plist; sourceTree = "<group>"; };
		973593D1291E4E980019CED4 /* TabBarController.swift */ = {isa = PBXFileReference; lastKnownFileType = sourcecode.swift; path = TabBarController.swift; sourceTree = "<group>"; };
		973593D3291E4F680019CED4 /* Helpers.swift */ = {isa = PBXFileReference; lastKnownFileType = sourcecode.swift; path = Helpers.swift; sourceTree = "<group>"; };
		973593D5291E5E5D0019CED4 /* C.swift */ = {isa = PBXFileReference; lastKnownFileType = sourcecode.swift; path = C.swift; sourceTree = "<group>"; };
		9743284929350F0100858555 /* UILable + ext.swift */ = {isa = PBXFileReference; lastKnownFileType = sourcecode.swift; path = "UILable + ext.swift"; sourceTree = "<group>"; };
		9743284B2935208700858555 /* TimerView.swift */ = {isa = PBXFileReference; lastKnownFileType = sourcecode.swift; path = TimerView.swift; sourceTree = "<group>"; };
		9743284E2935222A00858555 /* ProgressView.swift */ = {isa = PBXFileReference; lastKnownFileType = sourcecode.swift; path = ProgressView.swift; sourceTree = "<group>"; };
		97915AC129258E3E00CD2FD6 /* OverviewNavBar.swift */ = {isa = PBXFileReference; lastKnownFileType = sourcecode.swift; path = OverviewNavBar.swift; sourceTree = "<group>"; };
		97915AC329258EB800CD2FD6 /* BaseView.swift */ = {isa = PBXFileReference; lastKnownFileType = sourcecode.swift; path = BaseView.swift; sourceTree = "<group>"; };
		97915AC529258FD500CD2FD6 /* UIBaseMethods.swift */ = {isa = PBXFileReference; lastKnownFileType = sourcecode.swift; path = UIBaseMethods.swift; sourceTree = "<group>"; };
		979EDD7D292BC485005D7884 /* WeekView.swift */ = {isa = PBXFileReference; lastKnownFileType = sourcecode.swift; path = WeekView.swift; sourceTree = "<group>"; };
		979EDD80292D23C0005D7884 /* WeekDayView.swift */ = {isa = PBXFileReference; lastKnownFileType = sourcecode.swift; path = WeekDayView.swift; sourceTree = "<group>"; };
		97DB7878292262D700BB02EF /* SessionViewController.swift */ = {isa = PBXFileReference; lastKnownFileType = sourcecode.swift; path = SessionViewController.swift; sourceTree = "<group>"; };
		97DB787B2922631300BB02EF /* ProgressViewController.swift */ = {isa = PBXFileReference; lastKnownFileType = sourcecode.swift; path = ProgressViewController.swift; sourceTree = "<group>"; };
		97DD92F52922BA07005B8C28 /* WorkoutsButton.swift */ = {isa = PBXFileReference; lastKnownFileType = sourcecode.swift; path = WorkoutsButton.swift; sourceTree = "<group>"; };
/* End PBXFileReference section */

/* Begin PBXFrameworksBuildPhase section */
		973593B2291E4B860019CED4 /* Frameworks */ = {
			isa = PBXFrameworksBuildPhase;
			buildActionMask = 2147483647;
			files = (
			);
			runOnlyForDeploymentPostprocessing = 0;
		};
/* End PBXFrameworksBuildPhase section */

/* Begin PBXGroup section */
		97068840292D6DE300F1605B /* Extensions */ = {
			isa = PBXGroup;
			children = (
				9743284929350F0100858555 /* UILable + ext.swift */,
				97068841292D6E2F00F1605B /* UIView + ext.swift */,
				97068843292D6E7500F1605B /* Date + ext.swift */,
			);
			path = Extensions;
			sourceTree = "<group>";
		};
		97068845292E720600F1605B /* Navigation */ = {
			isa = PBXGroup;
			children = (
				973593D1291E4E980019CED4 /* TabBarController.swift */,
				970A73BA291E8F07004DCE46 /* NavBarController.swift */,
			);
			path = Navigation;
			sourceTree = "<group>";
		};
		973593AC291E4B860019CED4 = {
			isa = PBXGroup;
			children = (
				973593B7291E4B860019CED4 /* STracker */,
				973593B6291E4B860019CED4 /* Products */,
			);
			sourceTree = "<group>";
		};
		973593B6291E4B860019CED4 /* Products */ = {
			isa = PBXGroup;
			children = (
				973593B5291E4B860019CED4 /* STracker.app */,
			);
			name = Products;
			sourceTree = "<group>";
		};
		973593B7291E4B860019CED4 /* STracker */ = {
			isa = PBXGroup;
			children = (
				973593CF291E4D490019CED4 /* Application */,
				97ECBAF2291FF16B004FDEB4 /* CoreUI */,
				97068845292E720600F1605B /* Navigation */,
				97DB787329225F4800BB02EF /* OverviewModule */,
				97DB787A292262E900BB02EF /* SessionModule */,
				97DB787D2922631600BB02EF /* ProgressModule */,
				973593D0291E4D590019CED4 /* Resources */,
			);
			path = STracker;
			sourceTree = "<group>";
		};
		973593CF291E4D490019CED4 /* Application */ = {
			isa = PBXGroup;
			children = (
				970A73B8291E8B00004DCE46 /* Builder.swift */,
				973593B8291E4B860019CED4 /* AppDelegate.swift */,
				973593BA291E4B860019CED4 /* SceneDelegate.swift */,
			);
			path = Application;
			sourceTree = "<group>";
		};
		973593D0291E4D590019CED4 /* Resources */ = {
			isa = PBXGroup;
			children = (
				97068840292D6DE300F1605B /* Extensions */,
				973593D5291E5E5D0019CED4 /* C.swift */,
				973593D3291E4F680019CED4 /* Helpers.swift */,
				973593C1291E4B860019CED4 /* Assets.xcassets */,
				973593C3291E4B860019CED4 /* LaunchScreen.storyboard */,
				973593C6291E4B860019CED4 /* Info.plist */,
			);
			path = Resources;
			sourceTree = "<group>";
		};
		9743284D293521DD00858555 /* Timer */ = {
			isa = PBXGroup;
			children = (
			);
			path = Timer;
			sourceTree = "<group>";
		};
		979EDD7F292BC489005D7884 /* WeekView */ = {
			isa = PBXGroup;
			children = (
				979EDD7D292BC485005D7884 /* WeekView.swift */,
				979EDD80292D23C0005D7884 /* WeekDayView.swift */,
			);
			path = WeekView;
			sourceTree = "<group>";
		};
		97DB787329225F4800BB02EF /* OverviewModule */ = {
			isa = PBXGroup;
			children = (
				97DB787429225F6600BB02EF /* View */,
				97DB787629225F7B00BB02EF /* Model */,
				97DB787529225F7300BB02EF /* Presenter */,
			);
			path = OverviewModule;
			sourceTree = "<group>";
		};
		97DB787429225F6600BB02EF /* View */ = {
			isa = PBXGroup;
			children = (
				973593BC291E4B860019CED4 /* OverviewController.swift */,
				97915AC129258E3E00CD2FD6 /* OverviewNavBar.swift */,
				97DD92F52922BA07005B8C28 /* WorkoutsButton.swift */,
				979EDD7F292BC489005D7884 /* WeekView */,
			);
			path = View;
			sourceTree = "<group>";
		};
		97DB787529225F7300BB02EF /* Presenter */ = {
			isa = PBXGroup;
			children = (
			);
			path = Presenter;
			sourceTree = "<group>";
		};
		97DB787629225F7B00BB02EF /* Model */ = {
			isa = PBXGroup;
			children = (
			);
			path = Model;
			sourceTree = "<group>";
		};
		97DB787A292262E900BB02EF /* SessionModule */ = {
			isa = PBXGroup;
			children = (
				97DB787E2922636D00BB02EF /* View */,
			);
			path = SessionModule;
			sourceTree = "<group>";
		};
		97DB787D2922631600BB02EF /* ProgressModule */ = {
			isa = PBXGroup;
			children = (
				97DB78802922637C00BB02EF /* View */,
			);
			path = ProgressModule;
			sourceTree = "<group>";
		};
		97DB787E2922636D00BB02EF /* View */ = {
			isa = PBXGroup;
			children = (
				97DB7878292262D700BB02EF /* SessionViewController.swift */,
				9743284D293521DD00858555 /* Timer */,
				9743284B2935208700858555 /* TimerView.swift */,
				9743284E2935222A00858555 /* ProgressView.swift */,
			);
			path = View;
			sourceTree = "<group>";
		};
		97DB78802922637C00BB02EF /* View */ = {
			isa = PBXGroup;
			children = (
				97DB787B2922631300BB02EF /* ProgressViewController.swift */,
			);
			path = View;
			sourceTree = "<group>";
		};
		97ECBAF2291FF16B004FDEB4 /* CoreUI */ = {
			isa = PBXGroup;
			children = (
				97915AC529258FD500CD2FD6 /* UIBaseMethods.swift */,
				970A73BC291E969B004DCE46 /* BaseViewController.swift */,
				97915AC329258EB800CD2FD6 /* BaseView.swift */,
				97068846292E788F00F1605B /* BaseInfoView.swift */,
				97068848292FC4CC00F1605B /* ButtonConfig.swift */,
			);
			path = CoreUI;
			sourceTree = "<group>";
		};
/* End PBXGroup section */

/* Begin PBXNativeTarget section */
		973593B4291E4B860019CED4 /* STracker */ = {
			isa = PBXNativeTarget;
			buildConfigurationList = 973593C9291E4B860019CED4 /* Build configuration list for PBXNativeTarget "STracker" */;
			buildPhases = (
				973593B1291E4B860019CED4 /* Sources */,
				973593B2291E4B860019CED4 /* Frameworks */,
				973593B3291E4B860019CED4 /* Resources */,
			);
			buildRules = (
			);
			dependencies = (
			);
			name = STracker;
			packageProductDependencies = (
			);
			productName = STracker;
			productReference = 973593B5291E4B860019CED4 /* STracker.app */;
			productType = "com.apple.product-type.application";
		};
/* End PBXNativeTarget section */

/* Begin PBXProject section */
		973593AD291E4B860019CED4 /* Project object */ = {
			isa = PBXProject;
			attributes = {
				BuildIndependentTargetsInParallel = 1;
				LastSwiftUpdateCheck = 1400;
				LastUpgradeCheck = 1400;
				TargetAttributes = {
					973593B4291E4B860019CED4 = {
						CreatedOnToolsVersion = 14.0;
					};
				};
			};
			buildConfigurationList = 973593B0291E4B860019CED4 /* Build configuration list for PBXProject "STracker" */;
			compatibilityVersion = "Xcode 14.0";
			developmentRegion = en;
			hasScannedForEncodings = 0;
			knownRegions = (
				en,
				Base,
			);
			mainGroup = 973593AC291E4B860019CED4;
			packageReferences = (
			);
			productRefGroup = 973593B6291E4B860019CED4 /* Products */;
			projectDirPath = "";
			projectRoot = "";
			targets = (
				973593B4291E4B860019CED4 /* STracker */,
			);
		};
/* End PBXProject section */

/* Begin PBXResourcesBuildPhase section */
		973593B3291E4B860019CED4 /* Resources */ = {
			isa = PBXResourcesBuildPhase;
			buildActionMask = 2147483647;
			files = (
				973593C5291E4B860019CED4 /* LaunchScreen.storyboard in Resources */,
				973593C2291E4B860019CED4 /* Assets.xcassets in Resources */,
			);
			runOnlyForDeploymentPostprocessing = 0;
		};
/* End PBXResourcesBuildPhase section */

/* Begin PBXSourcesBuildPhase section */
		973593B1291E4B860019CED4 /* Sources */ = {
			isa = PBXSourcesBuildPhase;
			buildActionMask = 2147483647;
			files = (
				979EDD7E292BC485005D7884 /* WeekView.swift in Sources */,
				973593BD291E4B860019CED4 /* OverviewController.swift in Sources */,
				97DD92F62922BA07005B8C28 /* WorkoutsButton.swift in Sources */,
				973593B9291E4B860019CED4 /* AppDelegate.swift in Sources */,
				970A73B9291E8B00004DCE46 /* Builder.swift in Sources */,
				9743284F2935222A00858555 /* ProgressView.swift in Sources */,
				97915AC229258E3E00CD2FD6 /* OverviewNavBar.swift in Sources */,
				97068844292D6E7500F1605B /* Date + ext.swift in Sources */,
				97DB787C2922631300BB02EF /* ProgressViewController.swift in Sources */,
				97068842292D6E2F00F1605B /* UIView + ext.swift in Sources */,
				973593D2291E4E980019CED4 /* TabBarController.swift in Sources */,
				973593D4291E4F680019CED4 /* Helpers.swift in Sources */,
				9743284C2935208700858555 /* TimerView.swift in Sources */,
				970A73BD291E969B004DCE46 /* BaseViewController.swift in Sources */,
				973593BB291E4B860019CED4 /* SceneDelegate.swift in Sources */,
				973593D6291E5E5D0019CED4 /* C.swift in Sources */,
				97915AC429258EB800CD2FD6 /* BaseView.swift in Sources */,
				97915AC629258FD500CD2FD6 /* UIBaseMethods.swift in Sources */,
				979EDD81292D23C0005D7884 /* WeekDayView.swift in Sources */,
				970A73BB291E8F07004DCE46 /* NavBarController.swift in Sources */,
				97068849292FC4CC00F1605B /* ButtonConfig.swift in Sources */,
				9743284A29350F0100858555 /* UILable + ext.swift in Sources */,
				97DB7879292262D700BB02EF /* SessionViewController.swift in Sources */,
				97068847292E788F00F1605B /* BaseInfoView.swift in Sources */,
			);
			runOnlyForDeploymentPostprocessing = 0;
		};
/* End PBXSourcesBuildPhase section */

/* Begin PBXVariantGroup section */
		973593C3291E4B860019CED4 /* LaunchScreen.storyboard */ = {
			isa = PBXVariantGroup;
			children = (
				973593C4291E4B860019CED4 /* Base */,
			);
			name = LaunchScreen.storyboard;
			sourceTree = "<group>";
		};
/* End PBXVariantGroup section */

/* Begin XCBuildConfiguration section */
		973593C7291E4B860019CED4 /* Debug */ = {
			isa = XCBuildConfiguration;
			buildSettings = {
				ALWAYS_SEARCH_USER_PATHS = NO;
				CLANG_ANALYZER_NONNULL = YES;
				CLANG_ANALYZER_NUMBER_OBJECT_CONVERSION = YES_AGGRESSIVE;
				CLANG_CXX_LANGUAGE_STANDARD = "gnu++20";
				CLANG_ENABLE_MODULES = YES;
				CLANG_ENABLE_OBJC_ARC = YES;
				CLANG_ENABLE_OBJC_WEAK = YES;
				CLANG_WARN_BLOCK_CAPTURE_AUTORELEASING = YES;
				CLANG_WARN_BOOL_CONVERSION = YES;
				CLANG_WARN_COMMA = YES;
				CLANG_WARN_CONSTANT_CONVERSION = YES;
				CLANG_WARN_DEPRECATED_OBJC_IMPLEMENTATIONS = YES;
				CLANG_WARN_DIRECT_OBJC_ISA_USAGE = YES_ERROR;
				CLANG_WARN_DOCUMENTATION_COMMENTS = YES;
				CLANG_WARN_EMPTY_BODY = YES;
				CLANG_WARN_ENUM_CONVERSION = YES;
				CLANG_WARN_INFINITE_RECURSION = YES;
				CLANG_WARN_INT_CONVERSION = YES;
				CLANG_WARN_NON_LITERAL_NULL_CONVERSION = YES;
				CLANG_WARN_OBJC_IMPLICIT_RETAIN_SELF = YES;
				CLANG_WARN_OBJC_LITERAL_CONVERSION = YES;
				CLANG_WARN_OBJC_ROOT_CLASS = YES_ERROR;
				CLANG_WARN_QUOTED_INCLUDE_IN_FRAMEWORK_HEADER = YES;
				CLANG_WARN_RANGE_LOOP_ANALYSIS = YES;
				CLANG_WARN_STRICT_PROTOTYPES = YES;
				CLANG_WARN_SUSPICIOUS_MOVE = YES;
				CLANG_WARN_UNGUARDED_AVAILABILITY = YES_AGGRESSIVE;
				CLANG_WARN_UNREACHABLE_CODE = YES;
				CLANG_WARN__DUPLICATE_METHOD_MATCH = YES;
				COPY_PHASE_STRIP = NO;
				DEBUG_INFORMATION_FORMAT = dwarf;
				ENABLE_STRICT_OBJC_MSGSEND = YES;
				ENABLE_TESTABILITY = YES;
				GCC_C_LANGUAGE_STANDARD = gnu11;
				GCC_DYNAMIC_NO_PIC = NO;
				GCC_NO_COMMON_BLOCKS = YES;
				GCC_OPTIMIZATION_LEVEL = 0;
				GCC_PREPROCESSOR_DEFINITIONS = (
					"DEBUG=1",
					"$(inherited)",
				);
				GCC_WARN_64_TO_32_BIT_CONVERSION = YES;
				GCC_WARN_ABOUT_RETURN_TYPE = YES_ERROR;
				GCC_WARN_UNDECLARED_SELECTOR = YES;
				GCC_WARN_UNINITIALIZED_AUTOS = YES_AGGRESSIVE;
				GCC_WARN_UNUSED_FUNCTION = YES;
				GCC_WARN_UNUSED_VARIABLE = YES;
				IPHONEOS_DEPLOYMENT_TARGET = 16.0;
				MTL_ENABLE_DEBUG_INFO = INCLUDE_SOURCE;
				MTL_FAST_MATH = YES;
				ONLY_ACTIVE_ARCH = YES;
				SDKROOT = iphoneos;
				SWIFT_ACTIVE_COMPILATION_CONDITIONS = DEBUG;
				SWIFT_OPTIMIZATION_LEVEL = "-Onone";
			};
			name = Debug;
		};
		973593C8291E4B860019CED4 /* Release */ = {
			isa = XCBuildConfiguration;
			buildSettings = {
				ALWAYS_SEARCH_USER_PATHS = NO;
				CLANG_ANALYZER_NONNULL = YES;
				CLANG_ANALYZER_NUMBER_OBJECT_CONVERSION = YES_AGGRESSIVE;
				CLANG_CXX_LANGUAGE_STANDARD = "gnu++20";
				CLANG_ENABLE_MODULES = YES;
				CLANG_ENABLE_OBJC_ARC = YES;
				CLANG_ENABLE_OBJC_WEAK = YES;
				CLANG_WARN_BLOCK_CAPTURE_AUTORELEASING = YES;
				CLANG_WARN_BOOL_CONVERSION = YES;
				CLANG_WARN_COMMA = YES;
				CLANG_WARN_CONSTANT_CONVERSION = YES;
				CLANG_WARN_DEPRECATED_OBJC_IMPLEMENTATIONS = YES;
				CLANG_WARN_DIRECT_OBJC_ISA_USAGE = YES_ERROR;
				CLANG_WARN_DOCUMENTATION_COMMENTS = YES;
				CLANG_WARN_EMPTY_BODY = YES;
				CLANG_WARN_ENUM_CONVERSION = YES;
				CLANG_WARN_INFINITE_RECURSION = YES;
				CLANG_WARN_INT_CONVERSION = YES;
				CLANG_WARN_NON_LITERAL_NULL_CONVERSION = YES;
				CLANG_WARN_OBJC_IMPLICIT_RETAIN_SELF = YES;
				CLANG_WARN_OBJC_LITERAL_CONVERSION = YES;
				CLANG_WARN_OBJC_ROOT_CLASS = YES_ERROR;
				CLANG_WARN_QUOTED_INCLUDE_IN_FRAMEWORK_HEADER = YES;
				CLANG_WARN_RANGE_LOOP_ANALYSIS = YES;
				CLANG_WARN_STRICT_PROTOTYPES = YES;
				CLANG_WARN_SUSPICIOUS_MOVE = YES;
				CLANG_WARN_UNGUARDED_AVAILABILITY = YES_AGGRESSIVE;
				CLANG_WARN_UNREACHABLE_CODE = YES;
				CLANG_WARN__DUPLICATE_METHOD_MATCH = YES;
				COPY_PHASE_STRIP = NO;
				DEBUG_INFORMATION_FORMAT = "dwarf-with-dsym";
				ENABLE_NS_ASSERTIONS = NO;
				ENABLE_STRICT_OBJC_MSGSEND = YES;
				GCC_C_LANGUAGE_STANDARD = gnu11;
				GCC_NO_COMMON_BLOCKS = YES;
				GCC_WARN_64_TO_32_BIT_CONVERSION = YES;
				GCC_WARN_ABOUT_RETURN_TYPE = YES_ERROR;
				GCC_WARN_UNDECLARED_SELECTOR = YES;
				GCC_WARN_UNINITIALIZED_AUTOS = YES_AGGRESSIVE;
				GCC_WARN_UNUSED_FUNCTION = YES;
				GCC_WARN_UNUSED_VARIABLE = YES;
				IPHONEOS_DEPLOYMENT_TARGET = 16.0;
				MTL_ENABLE_DEBUG_INFO = NO;
				MTL_FAST_MATH = YES;
				SDKROOT = iphoneos;
				SWIFT_COMPILATION_MODE = wholemodule;
				SWIFT_OPTIMIZATION_LEVEL = "-O";
				VALIDATE_PRODUCT = YES;
			};
			name = Release;
		};
		973593CA291E4B860019CED4 /* Debug */ = {
			isa = XCBuildConfiguration;
			buildSettings = {
				ASSETCATALOG_COMPILER_APPICON_NAME = AppIcon;
				ASSETCATALOG_COMPILER_GLOBAL_ACCENT_COLOR_NAME = AccentColor;
				CODE_SIGN_STYLE = Automatic;
				CURRENT_PROJECT_VERSION = 1;
				DEVELOPMENT_TEAM = P9WCSS3KFX;
				GENERATE_INFOPLIST_FILE = YES;
				INFOPLIST_FILE = STracker/Resources/Info.plist;
				INFOPLIST_KEY_UIApplicationSupportsIndirectInputEvents = YES;
				INFOPLIST_KEY_UILaunchStoryboardName = LaunchScreen;
				INFOPLIST_KEY_UISupportedInterfaceOrientations = UIInterfaceOrientationPortrait;
				LD_RUNPATH_SEARCH_PATHS = (
					"$(inherited)",
					"@executable_path/Frameworks",
				);
				MARKETING_VERSION = 1.0;
				PRODUCT_BUNDLE_IDENTIFIER = com.applebitx.STracker;
				PRODUCT_NAME = "$(TARGET_NAME)";
				SWIFT_EMIT_LOC_STRINGS = YES;
				SWIFT_VERSION = 5.0;
				TARGETED_DEVICE_FAMILY = "1,2";
			};
			name = Debug;
		};
		973593CB291E4B860019CED4 /* Release */ = {
			isa = XCBuildConfiguration;
			buildSettings = {
				ASSETCATALOG_COMPILER_APPICON_NAME = AppIcon;
				ASSETCATALOG_COMPILER_GLOBAL_ACCENT_COLOR_NAME = AccentColor;
				CODE_SIGN_STYLE = Automatic;
				CURRENT_PROJECT_VERSION = 1;
				DEVELOPMENT_TEAM = P9WCSS3KFX;
				GENERATE_INFOPLIST_FILE = YES;
				INFOPLIST_FILE = STracker/Resources/Info.plist;
				INFOPLIST_KEY_UIApplicationSupportsIndirectInputEvents = YES;
				INFOPLIST_KEY_UILaunchStoryboardName = LaunchScreen;
				INFOPLIST_KEY_UISupportedInterfaceOrientations = UIInterfaceOrientationPortrait;
				LD_RUNPATH_SEARCH_PATHS = (
					"$(inherited)",
					"@executable_path/Frameworks",
				);
				MARKETING_VERSION = 1.0;
				PRODUCT_BUNDLE_IDENTIFIER = com.applebitx.STracker;
				PRODUCT_NAME = "$(TARGET_NAME)";
				SWIFT_EMIT_LOC_STRINGS = YES;
				SWIFT_VERSION = 5.0;
				TARGETED_DEVICE_FAMILY = "1,2";
			};
			name = Release;
		};
/* End XCBuildConfiguration section */

/* Begin XCConfigurationList section */
		973593B0291E4B860019CED4 /* Build configuration list for PBXProject "STracker" */ = {
			isa = XCConfigurationList;
			buildConfigurations = (
				973593C7291E4B860019CED4 /* Debug */,
				973593C8291E4B860019CED4 /* Release */,
			);
			defaultConfigurationIsVisible = 0;
			defaultConfigurationName = Release;
		};
		973593C9291E4B860019CED4 /* Build configuration list for PBXNativeTarget "STracker" */ = {
			isa = XCConfigurationList;
			buildConfigurations = (
				973593CA291E4B860019CED4 /* Debug */,
				973593CB291E4B860019CED4 /* Release */,
			);
			defaultConfigurationIsVisible = 0;
			defaultConfigurationName = Release;
		};
/* End XCConfigurationList section */
	};
	rootObject = 973593AD291E4B860019CED4 /* Project object */;
}
